// !$*UTF8*$!
{
	archiveVersion = 1;
	classes = {
	};
	objectVersion = 46;
	objects = {

/* Begin PBXBuildFile section */
		BA8DE0811DD9CFDD00351441 /* main.m in Sources */ = {isa = PBXBuildFile; fileRef = BA8DE0801DD9CFDD00351441 /* main.m */; };
		BA8DE0841DD9CFDD00351441 /* AppDelegate.m in Sources */ = {isa = PBXBuildFile; fileRef = BA8DE0831DD9CFDD00351441 /* AppDelegate.m */; };
		BA8DE0871DD9CFDD00351441 /* ViewController.m in Sources */ = {isa = PBXBuildFile; fileRef = BA8DE0861DD9CFDD00351441 /* ViewController.m */; };
		BA8DE08A1DD9CFDD00351441 /* Main.storyboard in Resources */ = {isa = PBXBuildFile; fileRef = BA8DE0881DD9CFDD00351441 /* Main.storyboard */; };
		BA8DE08C1DD9CFDD00351441 /* Assets.xcassets in Resources */ = {isa = PBXBuildFile; fileRef = BA8DE08B1DD9CFDD00351441 /* Assets.xcassets */; };
		BA8DE08F1DD9CFDD00351441 /* LaunchScreen.storyboard in Resources */ = {isa = PBXBuildFile; fileRef = BA8DE08D1DD9CFDD00351441 /* LaunchScreen.storyboard */; };
		BA8DE09A1DD9CFDD00351441 /* CompareArrayTests.m in Sources */ = {isa = PBXBuildFile; fileRef = BA8DE0991DD9CFDD00351441 /* CompareArrayTests.m */; };
		BA8DE0A51DD9CFDD00351441 /* CompareArrayUITests.m in Sources */ = {isa = PBXBuildFile; fileRef = BA8DE0A41DD9CFDD00351441 /* CompareArrayUITests.m */; };
/* End PBXBuildFile section */

/* Begin PBXContainerItemProxy section */
		BA8DE0961DD9CFDD00351441 /* PBXContainerItemProxy */ = {
			isa = PBXContainerItemProxy;
			containerPortal = BA8DE0741DD9CFDB00351441 /* Project object */;
			proxyType = 1;
			remoteGlobalIDString = BA8DE07B1DD9CFDB00351441;
			remoteInfo = CompareArray;
		};
		BA8DE0A11DD9CFDD00351441 /* PBXContainerItemProxy */ = {
			isa = PBXContainerItemProxy;
			containerPortal = BA8DE0741DD9CFDB00351441 /* Project object */;
			proxyType = 1;
			remoteGlobalIDString = BA8DE07B1DD9CFDB00351441;
			remoteInfo = CompareArray;
		};
/* End PBXContainerItemProxy section */

/* Begin PBXFileReference section */
		BA8DE07C1DD9CFDB00351441 /* CompareArray.app */ = {isa = PBXFileReference; explicitFileType = wrapper.application; includeInIndex = 0; path = CompareArray.app; sourceTree = BUILT_PRODUCTS_DIR; };
		BA8DE0801DD9CFDD00351441 /* main.m */ = {isa = PBXFileReference; lastKnownFileType = sourcecode.c.objc; path = main.m; sourceTree = "<group>"; };
		BA8DE0821DD9CFDD00351441 /* AppDelegate.h */ = {isa = PBXFileReference; lastKnownFileType = sourcecode.c.h; path = AppDelegate.h; sourceTree = "<group>"; };
		BA8DE0831DD9CFDD00351441 /* AppDelegate.m */ = {isa = PBXFileReference; lastKnownFileType = sourcecode.c.objc; path = AppDelegate.m; sourceTree = "<group>"; };
		BA8DE0851DD9CFDD00351441 /* ViewController.h */ = {isa = PBXFileReference; lastKnownFileType = sourcecode.c.h; path = ViewController.h; sourceTree = "<group>"; };
		BA8DE0861DD9CFDD00351441 /* ViewController.m */ = {isa = PBXFileReference; lastKnownFileType = sourcecode.c.objc; path = ViewController.m; sourceTree = "<group>"; };
		BA8DE0891DD9CFDD00351441 /* Base */ = {isa = PBXFileReference; lastKnownFileType = file.storyboard; name = Base; path = Base.lproj/Main.storyboard; sourceTree = "<group>"; };
		BA8DE08B1DD9CFDD00351441 /* Assets.xcassets */ = {isa = PBXFileReference; lastKnownFileType = folder.assetcatalog; path = Assets.xcassets; sourceTree = "<group>"; };
		BA8DE08E1DD9CFDD00351441 /* Base */ = {isa = PBXFileReference; lastKnownFileType = file.storyboard; name = Base; path = Base.lproj/LaunchScreen.storyboard; sourceTree = "<group>"; };
		BA8DE0901DD9CFDD00351441 /* Info.plist */ = {isa = PBXFileReference; lastKnownFileType = text.plist.xml; path = Info.plist; sourceTree = "<group>"; };
		BA8DE0951DD9CFDD00351441 /* CompareArrayTests.xctest */ = {isa = PBXFileReference; explicitFileType = wrapper.cfbundle; includeInIndex = 0; path = CompareArrayTests.xctest; sourceTree = BUILT_PRODUCTS_DIR; };
		BA8DE0991DD9CFDD00351441 /* CompareArrayTests.m */ = {isa = PBXFileReference; lastKnownFileType = sourcecode.c.objc; path = CompareArrayTests.m; sourceTree = "<group>"; };
		BA8DE09B1DD9CFDD00351441 /* Info.plist */ = {isa = PBXFileReference; lastKnownFileType = text.plist.xml; path = Info.plist; sourceTree = "<group>"; };
		BA8DE0A01DD9CFDD00351441 /* CompareArrayUITests.xctest */ = {isa = PBXFileReference; explicitFileType = wrapper.cfbundle; includeInIndex = 0; path = CompareArrayUITests.xctest; sourceTree = BUILT_PRODUCTS_DIR; };
		BA8DE0A41DD9CFDD00351441 /* CompareArrayUITests.m */ = {isa = PBXFileReference; lastKnownFileType = sourcecode.c.objc; path = CompareArrayUITests.m; sourceTree = "<group>"; };
		BA8DE0A61DD9CFDD00351441 /* Info.plist */ = {isa = PBXFileReference; lastKnownFileType = text.plist.xml; path = Info.plist; sourceTree = "<group>"; };
/* End PBXFileReference section */

/* Begin PBXFrameworksBuildPhase section */
		BA8DE0791DD9CFDB00351441 /* Frameworks */ = {
			isa = PBXFrameworksBuildPhase;
			buildActionMask = 2147483647;
			files = (
			);
			runOnlyForDeploymentPostprocessing = 0;
		};
		BA8DE0921DD9CFDD00351441 /* Frameworks */ = {
			isa = PBXFrameworksBuildPhase;
			buildActionMask = 2147483647;
			files = (
			);
			runOnlyForDeploymentPostprocessing = 0;
		};
		BA8DE09D1DD9CFDD00351441 /* Frameworks */ = {
			isa = PBXFrameworksBuildPhase;
			buildActionMask = 2147483647;
			files = (
			);
			runOnlyForDeploymentPostprocessing = 0;
		};
/* End PBXFrameworksBuildPhase section */

/* Begin PBXGroup section */
		BA8DE0731DD9CFDB00351441 = {
			isa = PBXGroup;
			children = (
				BA8DE07E1DD9CFDD00351441 /* CompareArray */,
				BA8DE0981DD9CFDD00351441 /* CompareArrayTests */,
				BA8DE0A31DD9CFDD00351441 /* CompareArrayUITests */,
				BA8DE07D1DD9CFDB00351441 /* Products */,
			);
			sourceTree = "<group>";
		};
		BA8DE07D1DD9CFDB00351441 /* Products */ = {
			isa = PBXGroup;
			children = (
				BA8DE07C1DD9CFDB00351441 /* CompareArray.app */,
				BA8DE0951DD9CFDD00351441 /* CompareArrayTests.xctest */,
				BA8DE0A01DD9CFDD00351441 /* CompareArrayUITests.xctest */,
			);
			name = Products;
			sourceTree = "<group>";
		};
		BA8DE07E1DD9CFDD00351441 /* CompareArray */ = {
			isa = PBXGroup;
			children = (
				BA8DE0821DD9CFDD00351441 /* AppDelegate.h */,
				BA8DE0831DD9CFDD00351441 /* AppDelegate.m */,
				BA8DE0851DD9CFDD00351441 /* ViewController.h */,
				BA8DE0861DD9CFDD00351441 /* ViewController.m */,
				BA8DE0881DD9CFDD00351441 /* Main.storyboard */,
				BA8DE08B1DD9CFDD00351441 /* Assets.xcassets */,
				BA8DE08D1DD9CFDD00351441 /* LaunchScreen.storyboard */,
				BA8DE0901DD9CFDD00351441 /* Info.plist */,
				BA8DE07F1DD9CFDD00351441 /* Supporting Files */,
			);
			path = CompareArray;
			sourceTree = "<group>";
		};
		BA8DE07F1DD9CFDD00351441 /* Supporting Files */ = {
			isa = PBXGroup;
			children = (
				BA8DE0801DD9CFDD00351441 /* main.m */,
			);
			name = "Supporting Files";
			sourceTree = "<group>";
		};
		BA8DE0981DD9CFDD00351441 /* CompareArrayTests */ = {
			isa = PBXGroup;
			children = (
				BA8DE0991DD9CFDD00351441 /* CompareArrayTests.m */,
				BA8DE09B1DD9CFDD00351441 /* Info.plist */,
			);
			path = CompareArrayTests;
			sourceTree = "<group>";
		};
		BA8DE0A31DD9CFDD00351441 /* CompareArrayUITests */ = {
			isa = PBXGroup;
			children = (
				BA8DE0A41DD9CFDD00351441 /* CompareArrayUITests.m */,
				BA8DE0A61DD9CFDD00351441 /* Info.plist */,
			);
			path = CompareArrayUITests;
			sourceTree = "<group>";
		};
/* End PBXGroup section */

/* Begin PBXNativeTarget section */
		BA8DE07B1DD9CFDB00351441 /* CompareArray */ = {
			isa = PBXNativeTarget;
			buildConfigurationList = BA8DE0A91DD9CFDD00351441 /* Build configuration list for PBXNativeTarget "CompareArray" */;
			buildPhases = (
				BA8DE0781DD9CFDB00351441 /* Sources */,
				BA8DE0791DD9CFDB00351441 /* Frameworks */,
				BA8DE07A1DD9CFDB00351441 /* Resources */,
			);
			buildRules = (
			);
			dependencies = (
			);
			name = CompareArray;
			productName = CompareArray;
			productReference = BA8DE07C1DD9CFDB00351441 /* CompareArray.app */;
			productType = "com.apple.product-type.application";
		};
		BA8DE0941DD9CFDD00351441 /* CompareArrayTests */ = {
			isa = PBXNativeTarget;
			buildConfigurationList = BA8DE0AC1DD9CFDD00351441 /* Build configuration list for PBXNativeTarget "CompareArrayTests" */;
			buildPhases = (
				BA8DE0911DD9CFDD00351441 /* Sources */,
				BA8DE0921DD9CFDD00351441 /* Frameworks */,
				BA8DE0931DD9CFDD00351441 /* Resources */,
			);
			buildRules = (
			);
			dependencies = (
				BA8DE0971DD9CFDD00351441 /* PBXTargetDependency */,
			);
			name = CompareArrayTests;
			productName = CompareArrayTests;
			productReference = BA8DE0951DD9CFDD00351441 /* CompareArrayTests.xctest */;
			productType = "com.apple.product-type.bundle.unit-test";
		};
		BA8DE09F1DD9CFDD00351441 /* CompareArrayUITests */ = {
			isa = PBXNativeTarget;
			buildConfigurationList = BA8DE0AF1DD9CFDD00351441 /* Build configuration list for PBXNativeTarget "CompareArrayUITests" */;
			buildPhases = (
				BA8DE09C1DD9CFDD00351441 /* Sources */,
				BA8DE09D1DD9CFDD00351441 /* Frameworks */,
				BA8DE09E1DD9CFDD00351441 /* Resources */,
			);
			buildRules = (
			);
			dependencies = (
				BA8DE0A21DD9CFDD00351441 /* PBXTargetDependency */,
			);
			name = CompareArrayUITests;
			productName = CompareArrayUITests;
			productReference = BA8DE0A01DD9CFDD00351441 /* CompareArrayUITests.xctest */;
			productType = "com.apple.product-type.bundle.ui-testing";
		};
/* End PBXNativeTarget section */

/* Begin PBXProject section */
		BA8DE0741DD9CFDB00351441 /* Project object */ = {
			isa = PBXProject;
			attributes = {
				LastUpgradeCheck = 0730;
				ORGANIZATIONNAME = xjc;
				TargetAttributes = {
					BA8DE07B1DD9CFDB00351441 = {
						CreatedOnToolsVersion = 7.3.1;
					};
					BA8DE0941DD9CFDD00351441 = {
						CreatedOnToolsVersion = 7.3.1;
						TestTargetID = BA8DE07B1DD9CFDB00351441;
					};
					BA8DE09F1DD9CFDD00351441 = {
						CreatedOnToolsVersion = 7.3.1;
						TestTargetID = BA8DE07B1DD9CFDB00351441;
					};
				};
			};
			buildConfigurationList = BA8DE0771DD9CFDB00351441 /* Build configuration list for PBXProject "CompareArray" */;
			compatibilityVersion = "Xcode 3.2";
			developmentRegion = English;
			hasScannedForEncodings = 0;
			knownRegions = (
				en,
				Base,
			);
			mainGroup = BA8DE0731DD9CFDB00351441;
			productRefGroup = BA8DE07D1DD9CFDB00351441 /* Products */;
			projectDirPath = "";
			projectRoot = "";
			targets = (
				BA8DE07B1DD9CFDB00351441 /* CompareArray */,
				BA8DE0941DD9CFDD00351441 /* CompareArrayTests */,
				BA8DE09F1DD9CFDD00351441 /* CompareArrayUITests */,
			);
		};
/* End PBXProject section */

/* Begin PBXResourcesBuildPhase section */
		BA8DE07A1DD9CFDB00351441 /* Resources */ = {
			isa = PBXResourcesBuildPhase;
			buildActionMask = 2147483647;
			files = (
				BA8DE08F1DD9CFDD00351441 /* LaunchScreen.storyboard in Resources */,
				BA8DE08C1DD9CFDD00351441 /* Assets.xcassets in Resources */,
				BA8DE08A1DD9CFDD00351441 /* Main.storyboard in Resources */,
			);
			runOnlyForDeploymentPostprocessing = 0;
		};
		BA8DE0931DD9CFDD00351441 /* Resources */ = {
			isa = PBXResourcesBuildPhase;
			buildActionMask = 2147483647;
			files = (
			);
			runOnlyForDeploymentPostprocessing = 0;
		};
		BA8DE09E1DD9CFDD00351441 /* Resources */ = {
			isa = PBXResourcesBuildPhase;
			buildActionMask = 2147483647;
			files = (
			);
			runOnlyForDeploymentPostprocessing = 0;
		};
/* End PBXResourcesBuildPhase section */

/* Begin PBXSourcesBuildPhase section */
		BA8DE0781DD9CFDB00351441 /* Sources */ = {
			isa = PBXSourcesBuildPhase;
			buildActionMask = 2147483647;
			files = (
				BA8DE0871DD9CFDD00351441 /* ViewController.m in Sources */,
				BA8DE0841DD9CFDD00351441 /* AppDelegate.m in Sources */,
				BA8DE0811DD9CFDD00351441 /* main.m in Sources */,
			);
			runOnlyForDeploymentPostprocessing = 0;
		};
		BA8DE0911DD9CFDD00351441 /* Sources */ = {
			isa = PBXSourcesBuildPhase;
			buildActionMask = 2147483647;
			files = (
				BA8DE09A1DD9CFDD00351441 /* CompareArrayTests.m in Sources */,
			);
			runOnlyForDeploymentPostprocessing = 0;
		};
		BA8DE09C1DD9CFDD00351441 /* Sources */ = {
			isa = PBXSourcesBuildPhase;
			buildActionMask = 2147483647;
			files = (
				BA8DE0A51DD9CFDD00351441 /* CompareArrayUITests.m in Sources */,
			);
			runOnlyForDeploymentPostprocessing = 0;
		};
/* End PBXSourcesBuildPhase section */

/* Begin PBXTargetDependency section */
		BA8DE0971DD9CFDD00351441 /* PBXTargetDependency */ = {
			isa = PBXTargetDependency;
			target = BA8DE07B1DD9CFDB00351441 /* CompareArray */;
			targetProxy = BA8DE0961DD9CFDD00351441 /* PBXContainerItemProxy */;
		};
		BA8DE0A21DD9CFDD00351441 /* PBXTargetDependency */ = {
			isa = PBXTargetDependency;
			target = BA8DE07B1DD9CFDB00351441 /* CompareArray */;
			targetProxy = BA8DE0A11DD9CFDD00351441 /* PBXContainerItemProxy */;
		};
/* End PBXTargetDependency section */

/* Begin PBXVariantGroup section */
		BA8DE0881DD9CFDD00351441 /* Main.storyboard */ = {
			isa = PBXVariantGroup;
			children = (
				BA8DE0891DD9CFDD00351441 /* Base */,
			);
			name = Main.storyboard;
			sourceTree = "<group>";
		};
		BA8DE08D1DD9CFDD00351441 /* LaunchScreen.storyboard */ = {
			isa = PBXVariantGroup;
			children = (
				BA8DE08E1DD9CFDD00351441 /* Base */,
			);
			name = LaunchScreen.storyboard;
			sourceTree = "<group>";
		};
/* End PBXVariantGroup section */

/* Begin XCBuildConfiguration section */
		BA8DE0A71DD9CFDD00351441 /* Debug */ = {
			isa = XCBuildConfiguration;
			buildSettings = {
				ALWAYS_SEARCH_USER_PATHS = NO;
				CLANG_ANALYZER_NONNULL = YES;
				CLANG_CXX_LANGUAGE_STANDARD = "gnu++0x";
				CLANG_CXX_LIBRARY = "libc++";
				CLANG_ENABLE_MODULES = YES;
				CLANG_ENABLE_OBJC_ARC = YES;
				CLANG_WARN_BOOL_CONVERSION = YES;
				CLANG_WARN_CONSTANT_CONVERSION = YES;
				CLANG_WARN_DIRECT_OBJC_ISA_USAGE = YES_ERROR;
				CLANG_WARN_EMPTY_BODY = YES;
				CLANG_WARN_ENUM_CONVERSION = YES;
				CLANG_WARN_INT_CONVERSION = YES;
				CLANG_WARN_OBJC_ROOT_CLASS = YES_ERROR;
				CLANG_WARN_UNREACHABLE_CODE = YES;
				CLANG_WARN__DUPLICATE_METHOD_MATCH = YES;
				"CODE_SIGN_IDENTITY[sdk=iphoneos*]" = "iPhone Developer";
				COPY_PHASE_STRIP = NO;
				DEBUG_INFORMATION_FORMAT = dwarf;
				ENABLE_STRICT_OBJC_MSGSEND = YES;
				ENABLE_TESTABILITY = YES;
				GCC_C_LANGUAGE_STANDARD = gnu99;
				GCC_DYNAMIC_NO_PIC = NO;
				GCC_NO_COMMON_BLOCKS = YES;
				GCC_OPTIMIZATION_LEVEL = 0;
				GCC_PREPROCESSOR_DEFINITIONS = (
					"DEBUG=1",
					"$(inherited)",
				);
				GCC_WARN_64_TO_32_BIT_CONVERSION = YES;
				GCC_WARN_ABOUT_RETURN_TYPE = YES_ERROR;
				GCC_WARN_UNDECLARED_SELECTOR = YES;
				GCC_WARN_UNINITIALIZED_AUTOS = YES_AGGRESSIVE;
				GCC_WARN_UNUSED_FUNCTION = YES;
				GCC_WARN_UNUSED_VARIABLE = YES;
				IPHONEOS_DEPLOYMENT_TARGET = 9.3;
				MTL_ENABLE_DEBUG_INFO = YES;
				ONLY_ACTIVE_ARCH = YES;
				SDKROOT = iphoneos;
				TARGETED_DEVICE_FAMILY = "1,2";
			};
			name = Debug;
		};
		BA8DE0A81DD9CFDD00351441 /* Release */ = {
			isa = XCBuildConfiguration;
			buildSettings = {
				ALWAYS_SEARCH_USER_PATHS = NO;
				CLANG_ANALYZER_NONNULL = YES;
				CLANG_CXX_LANGUAGE_STANDARD = "gnu++0x";
				CLANG_CXX_LIBRARY = "libc++";
				CLANG_ENABLE_MODULES = YES;
				CLANG_ENABLE_OBJC_ARC = YES;
				CLANG_WARN_BOOL_CONVERSION = YES;
				CLANG_WARN_CONSTANT_CONVERSION = YES;
				CLANG_WARN_DIRECT_OBJC_ISA_USAGE = YES_ERROR;
				CLANG_WARN_EMPTY_BODY = YES;
				CLANG_WARN_ENUM_CONVERSION = YES;
				CLANG_WARN_INT_CONVERSION = YES;
				CLANG_WARN_OBJC_ROOT_CLASS = YES_ERROR;
				CLANG_WARN_UNREACHABLE_CODE = YES;
				CLANG_WARN__DUPLICATE_METHOD_MATCH = YES;
				"CODE_SIGN_IDENTITY[sdk=iphoneos*]" = "iPhone Developer";
				COPY_PHASE_STRIP = NO;
				DEBUG_INFORMATION_FORMAT = "dwarf-with-dsym";
				ENABLE_NS_ASSERTIONS = NO;
				ENABLE_STRICT_OBJC_MSGSEND = YES;
				GCC_C_LANGUAGE_STANDARD = gnu99;
				GCC_NO_COMMON_BLOCKS = YES;
				GCC_WARN_64_TO_32_BIT_CONVERSION = YES;
				GCC_WARN_ABOUT_RETURN_TYPE = YES_ERROR;
				GCC_WARN_UNDECLARED_SELECTOR = YES;
				GCC_WARN_UNINITIALIZED_AUTOS = YES_AGGRESSIVE;
				GCC_WARN_UNUSED_FUNCTION = YES;
				GCC_WARN_UNUSED_VARIABLE = YES;
				IPHONEOS_DEPLOYMENT_TARGET = 9.3;
				MTL_ENABLE_DEBUG_INFO = NO;
				SDKROOT = iphoneos;
				TARGETED_DEVICE_FAMILY = "1,2";
				VALIDATE_PRODUCT = YES;
			};
			name = Release;
		};
		BA8DE0AA1DD9CFDD00351441 /* Debug */ = {
			isa = XCBuildConfiguration;
			buildSettings = {
				ASSETCATALOG_COMPILER_APPICON_NAME = AppIcon;
				INFOPLIST_FILE = CompareArray/Info.plist;
				IPHONEOS_DEPLOYMENT_TARGET = 8.0;
				LD_RUNPATH_SEARCH_PATHS = "$(inherited) @executable_path/Frameworks";
				PRODUCT_BUNDLE_IDENTIFIER = com.SouthStar.CompareArray;
				PRODUCT_NAME = "$(TARGET_NAME)";
			};
			name = Debug;
		};
		BA8DE0AB1DD9CFDD00351441 /* Release */ = {
			isa = XCBuildConfiguration;
			buildSettings = {
				ASSETCATALOG_COMPILER_APPICON_NAME = AppIcon;
				INFOPLIST_FILE = CompareArray/Info.plist;
				IPHONEOS_DEPLOYMENT_TARGET = 8.0;
				LD_RUNPATH_SEARCH_PATHS = "$(inherited) @executable_path/Frameworks";
				PRODUCT_BUNDLE_IDENTIFIER = com.SouthStar.CompareArray;
				PRODUCT_NAME = "$(TARGET_NAME)";
			};
			name = Release;
		};
		BA8DE0AD1DD9CFDD00351441 /* Debug */ = {
			isa = XCBuildConfiguration;
			buildSettings = {
				BUNDLE_LOADER = "$(TEST_HOST)";
				INFOPLIST_FILE = CompareArrayTests/Info.plist;
				LD_RUNPATH_SEARCH_PATHS = "$(inherited) @executable_path/Frameworks @loader_path/Frameworks";
				PRODUCT_BUNDLE_IDENTIFIER = com.SouthStar.CompareArrayTests;
				PRODUCT_NAME = "$(TARGET_NAME)";
				TEST_HOST = "$(BUILT_PRODUCTS_DIR)/CompareArray.app/CompareArray";
			};
			name = Debug;
		};
		BA8DE0AE1DD9CFDD00351441 /* Release */ = {
			isa = XCBuildConfiguration;
			buildSettings = {
				BUNDLE_LOADER = "$(TEST_HOST)";
				INFOPLIST_FILE = CompareArrayTests/Info.plist;
				LD_RUNPATH_SEARCH_PATHS = "$(inherited) @executable_path/Frameworks @loader_path/Frameworks";
				PRODUCT_BUNDLE_IDENTIFIER = com.SouthStar.CompareArrayTests;
				PRODUCT_NAME = "$(TARGET_NAME)";
				TEST_HOST = "$(BUILT_PRODUCTS_DIR)/CompareArray.app/CompareArray";
			};
			name = Release;
		};
		BA8DE0B01DD9CFDD00351441 /* Debug */ = {
			isa = XCBuildConfiguration;
			buildSettings = {
				INFOPLIST_FILE = CompareArrayUITests/Info.plist;
				LD_RUNPATH_SEARCH_PATHS = "$(inherited) @executable_path/Frameworks @loader_path/Frameworks";
				PRODUCT_BUNDLE_IDENTIFIER = com.SouthStar.CompareArrayUITests;
				PRODUCT_NAME = "$(TARGET_NAME)";
				TEST_TARGET_NAME = CompareArray;
			};
			name = Debug;
		};
		BA8DE0B11DD9CFDD00351441 /* Release */ = {
			isa = XCBuildConfiguration;
			buildSettings = {
				INFOPLIST_FILE = CompareArrayUITests/Info.plist;
				LD_RUNPATH_SEARCH_PATHS = "$(inherited) @executable_path/Frameworks @loader_path/Frameworks";
				PRODUCT_BUNDLE_IDENTIFIER = com.SouthStar.CompareArrayUITests;
				PRODUCT_NAME = "$(TARGET_NAME)";
				TEST_TARGET_NAME = CompareArray;
			};
			name = Release;
		};
/* End XCBuildConfiguration section */

/* Begin XCConfigurationList section */
		BA8DE0771DD9CFDB00351441 /* Build configuration list for PBXProject "CompareArray" */ = {
			isa = XCConfigurationList;
			buildConfigurations = (
				BA8DE0A71DD9CFDD00351441 /* Debug */,
				BA8DE0A81DD9CFDD00351441 /* Release */,
			);
			defaultConfigurationIsVisible = 0;
			defaultConfigurationName = Release;
		};
		BA8DE0A91DD9CFDD00351441 /* Build configuration list for PBXNativeTarget "CompareArray" */ = {
			isa = XCConfigurationList;
			buildConfigurations = (
				BA8DE0AA1DD9CFDD00351441 /* Debug */,
				BA8DE0AB1DD9CFDD00351441 /* Release */,
			);
			defaultConfigurationIsVisible = 0;
			defaultConfigurationName = Release;
		};
		BA8DE0AC1DD9CFDD00351441 /* Build configuration list for PBXNativeTarget "CompareArrayTests" */ = {
			isa = XCConfigurationList;
			buildConfigurations = (
				BA8DE0AD1DD9CFDD00351441 /* Debug */,
				BA8DE0AE1DD9CFDD00351441 /* Release */,
			);
			defaultConfigurationIsVisible = 0;
			defaultConfigurationName = Release;
		};
		BA8DE0AF1DD9CFDD00351441 /* Build configuration list for PBXNativeTarget "CompareArrayUITests" */ = {
			isa = XCConfigurationList;
			buildConfigurations = (
				BA8DE0B01DD9CFDD00351441 /* Debug */,
				BA8DE0B11DD9CFDD00351441 /* Release */,
			);
			defaultConfigurationIsVisible = 0;
			defaultConfigurationName = Release;
		};
/* End XCConfigurationList section */
	};
	rootObject = BA8DE0741DD9CFDB00351441 /* Project object */;
}
